// !$*UTF8*$!
{
	archiveVersion = 1;
	classes = {
	};
	objectVersion = 50;
	objects = {

/* Begin PBXBuildFile section */
		7E3336CD25BD7AC700532589 /* Localizable.strings in Resources */ = {isa = PBXBuildFile; fileRef = 7E3336CF25BD7AC700532589 /* Localizable.strings */; };
		7E6FBA5E25B485C400AC33FC /* KyakupiApp.swift in Sources */ = {isa = PBXBuildFile; fileRef = 7E6FBA5D25B485C400AC33FC /* KyakupiApp.swift */; };
		7E6FBA6025B485C400AC33FC /* MainView.swift in Sources */ = {isa = PBXBuildFile; fileRef = 7E6FBA5F25B485C400AC33FC /* MainView.swift */; };
		7E6FBA6225B485C800AC33FC /* Assets.xcassets in Resources */ = {isa = PBXBuildFile; fileRef = 7E6FBA6125B485C800AC33FC /* Assets.xcassets */; };
		7E6FBA6525B485C800AC33FC /* Preview Assets.xcassets in Resources */ = {isa = PBXBuildFile; fileRef = 7E6FBA6425B485C800AC33FC /* Preview Assets.xcassets */; };
		7E6FBA7225B4891500AC33FC /* ClubTabView.swift in Sources */ = {isa = PBXBuildFile; fileRef = 7E6FBA7125B4891500AC33FC /* ClubTabView.swift */; };
		7E6FBA8A25B48CF500AC33FC /* HomeView.swift in Sources */ = {isa = PBXBuildFile; fileRef = 7E6FBA8925B48CF500AC33FC /* HomeView.swift */; };
		7E6FBA8D25B48D0600AC33FC /* CustomerView.swift in Sources */ = {isa = PBXBuildFile; fileRef = 7E6FBA8C25B48D0600AC33FC /* CustomerView.swift */; };
		7EEEC5C825B722DF0065D7FE /* CustomerRow.swift in Sources */ = {isa = PBXBuildFile; fileRef = 7EEEC5C725B722DF0065D7FE /* CustomerRow.swift */; };
/* End PBXBuildFile section */

/* Begin PBXFileReference section */
		7E3336CE25BD7AC700532589 /* en */ = {isa = PBXFileReference; lastKnownFileType = text.plist.strings; name = en; path = en.lproj/Localizable.strings; sourceTree = "<group>"; };
		7E3336D725BD7EF100532589 /* ja */ = {isa = PBXFileReference; lastKnownFileType = text.plist.strings; name = ja; path = ja.lproj/Localizable.strings; sourceTree = "<group>"; };
		7E6FBA5A25B485C400AC33FC /* Kyakupi.app */ = {isa = PBXFileReference; explicitFileType = wrapper.application; includeInIndex = 0; path = Kyakupi.app; sourceTree = BUILT_PRODUCTS_DIR; };
		7E6FBA5D25B485C400AC33FC /* KyakupiApp.swift */ = {isa = PBXFileReference; lastKnownFileType = sourcecode.swift; path = KyakupiApp.swift; sourceTree = "<group>"; };
		7E6FBA5F25B485C400AC33FC /* MainView.swift */ = {isa = PBXFileReference; lastKnownFileType = sourcecode.swift; path = MainView.swift; sourceTree = "<group>"; };
		7E6FBA6125B485C800AC33FC /* Assets.xcassets */ = {isa = PBXFileReference; lastKnownFileType = folder.assetcatalog; path = Assets.xcassets; sourceTree = "<group>"; };
		7E6FBA6425B485C800AC33FC /* Preview Assets.xcassets */ = {isa = PBXFileReference; lastKnownFileType = folder.assetcatalog; path = "Preview Assets.xcassets"; sourceTree = "<group>"; };
		7E6FBA6625B485C800AC33FC /* Info.plist */ = {isa = PBXFileReference; lastKnownFileType = text.plist.xml; path = Info.plist; sourceTree = "<group>"; };
		7E6FBA7125B4891500AC33FC /* ClubTabView.swift */ = {isa = PBXFileReference; lastKnownFileType = sourcecode.swift; path = ClubTabView.swift; sourceTree = "<group>"; };
		7E6FBA8925B48CF500AC33FC /* HomeView.swift */ = {isa = PBXFileReference; lastKnownFileType = sourcecode.swift; path = HomeView.swift; sourceTree = "<group>"; };
		7E6FBA8C25B48D0600AC33FC /* CustomerView.swift */ = {isa = PBXFileReference; lastKnownFileType = sourcecode.swift; path = CustomerView.swift; sourceTree = "<group>"; };
		7EEEC5C725B722DF0065D7FE /* CustomerRow.swift */ = {isa = PBXFileReference; lastKnownFileType = sourcecode.swift; path = CustomerRow.swift; sourceTree = "<group>"; };
/* End PBXFileReference section */

/* Begin PBXFrameworksBuildPhase section */
		7E6FBA5725B485C400AC33FC /* Frameworks */ = {
			isa = PBXFrameworksBuildPhase;
			buildActionMask = 2147483647;
			files = (
			);
			runOnlyForDeploymentPostprocessing = 0;
		};
/* End PBXFrameworksBuildPhase section */

/* Begin PBXGroup section */
		7E6FBA5125B485C400AC33FC = {
			isa = PBXGroup;
			children = (
				7E6FBA5C25B485C400AC33FC /* Kyakupi */,
				7E6FBA5B25B485C400AC33FC /* Products */,
			);
			sourceTree = "<group>";
		};
		7E6FBA5B25B485C400AC33FC /* Products */ = {
			isa = PBXGroup;
			children = (
				7E6FBA5A25B485C400AC33FC /* Kyakupi.app */,
			);
			name = Products;
			sourceTree = "<group>";
		};
		7E6FBA5C25B485C400AC33FC /* Kyakupi */ = {
			isa = PBXGroup;
			children = (
				7E6FBA5D25B485C400AC33FC /* KyakupiApp.swift */,
				7E6FBA5F25B485C400AC33FC /* MainView.swift */,
				7E6FBA7525B48AFE00AC33FC /* Club */,
				7E6FBA7625B48B2700AC33FC /* Home */,
				7E6FBA7B25B48B6B00AC33FC /* Customer */,
				7E6FBA6125B485C800AC33FC /* Assets.xcassets */,
				7E6FBA6625B485C800AC33FC /* Info.plist */,
				7E6FBA6325B485C800AC33FC /* Preview Content */,
				7E3336CF25BD7AC700532589 /* Localizable.strings */,
			);
			path = Kyakupi;
			sourceTree = "<group>";
		};
		7E6FBA6325B485C800AC33FC /* Preview Content */ = {
			isa = PBXGroup;
			children = (
				7E6FBA6425B485C800AC33FC /* Preview Assets.xcassets */,
			);
			path = "Preview Content";
			sourceTree = "<group>";
		};
		7E6FBA6E25B488A200AC33FC /* Model */ = {
			isa = PBXGroup;
			children = (
			);
			path = Model;
			sourceTree = "<group>";
		};
		7E6FBA6F25B488A800AC33FC /* View */ = {
			isa = PBXGroup;
			children = (
				7E6FBA7125B4891500AC33FC /* ClubTabView.swift */,
			);
			path = View;
			sourceTree = "<group>";
		};
		7E6FBA7025B488B900AC33FC /* ViewModel */ = {
			isa = PBXGroup;
			children = (
			);
			path = ViewModel;
			sourceTree = "<group>";
		};
		7E6FBA7525B48AFE00AC33FC /* Club */ = {
			isa = PBXGroup;
			children = (
				7E6FBA6E25B488A200AC33FC /* Model */,
				7E6FBA6F25B488A800AC33FC /* View */,
				7E6FBA7025B488B900AC33FC /* ViewModel */,
			);
			path = Club;
			sourceTree = "<group>";
		};
		7E6FBA7625B48B2700AC33FC /* Home */ = {
			isa = PBXGroup;
			children = (
				7E6FBA7725B48B4400AC33FC /* Model */,
				7E6FBA7825B48B4B00AC33FC /* View */,
				7E6FBA7925B48B5000AC33FC /* ViewModel */,
			);
			path = Home;
			sourceTree = "<group>";
		};
		7E6FBA7725B48B4400AC33FC /* Model */ = {
			isa = PBXGroup;
			children = (
			);
			path = Model;
			sourceTree = "<group>";
		};
		7E6FBA7825B48B4B00AC33FC /* View */ = {
			isa = PBXGroup;
			children = (
				7E6FBA8925B48CF500AC33FC /* HomeView.swift */,
			);
			path = View;
			sourceTree = "<group>";
		};
		7E6FBA7925B48B5000AC33FC /* ViewModel */ = {
			isa = PBXGroup;
			children = (
			);
			path = ViewModel;
			sourceTree = "<group>";
		};
		7E6FBA7B25B48B6B00AC33FC /* Customer */ = {
			isa = PBXGroup;
			children = (
				7E6FBA7E25B48B8900AC33FC /* Model */,
				7E6FBA7D25B48B8400AC33FC /* View */,
				7E6FBA7C25B48B7D00AC33FC /* ViewModel */,
			);
			path = Customer;
			sourceTree = "<group>";
		};
		7E6FBA7C25B48B7D00AC33FC /* ViewModel */ = {
			isa = PBXGroup;
			children = (
			);
			path = ViewModel;
			sourceTree = "<group>";
		};
		7E6FBA7D25B48B8400AC33FC /* View */ = {
			isa = PBXGroup;
			children = (
				7E6FBA8C25B48D0600AC33FC /* CustomerView.swift */,
				7EEEC5C725B722DF0065D7FE /* CustomerRow.swift */,
			);
			path = View;
			sourceTree = "<group>";
		};
		7E6FBA7E25B48B8900AC33FC /* Model */ = {
			isa = PBXGroup;
			children = (
			);
			path = Model;
			sourceTree = "<group>";
		};
/* End PBXGroup section */

/* Begin PBXNativeTarget section */
		7E6FBA5925B485C400AC33FC /* Kyakupi */ = {
			isa = PBXNativeTarget;
			buildConfigurationList = 7E6FBA6925B485C800AC33FC /* Build configuration list for PBXNativeTarget "Kyakupi" */;
			buildPhases = (
				7E6FBA5625B485C400AC33FC /* Sources */,
				7E6FBA5725B485C400AC33FC /* Frameworks */,
				7E6FBA5825B485C400AC33FC /* Resources */,
			);
			buildRules = (
			);
			dependencies = (
			);
			name = Kyakupi;
			productName = Kyakupi;
			productReference = 7E6FBA5A25B485C400AC33FC /* Kyakupi.app */;
			productType = "com.apple.product-type.application";
		};
/* End PBXNativeTarget section */

/* Begin PBXProject section */
		7E6FBA5225B485C400AC33FC /* Project object */ = {
			isa = PBXProject;
			attributes = {
				LastSwiftUpdateCheck = 1230;
				LastUpgradeCheck = 1230;
				TargetAttributes = {
					7E6FBA5925B485C400AC33FC = {
						CreatedOnToolsVersion = 12.3;
					};
				};
			};
			buildConfigurationList = 7E6FBA5525B485C400AC33FC /* Build configuration list for PBXProject "Kyakupi" */;
			compatibilityVersion = "Xcode 9.3";
			developmentRegion = en;
			hasScannedForEncodings = 0;
			knownRegions = (
				en,
				Base,
				ja,
			);
			mainGroup = 7E6FBA5125B485C400AC33FC;
			productRefGroup = 7E6FBA5B25B485C400AC33FC /* Products */;
			projectDirPath = "";
			projectRoot = "";
			targets = (
				7E6FBA5925B485C400AC33FC /* Kyakupi */,
			);
		};
/* End PBXProject section */

/* Begin PBXResourcesBuildPhase section */
		7E6FBA5825B485C400AC33FC /* Resources */ = {
			isa = PBXResourcesBuildPhase;
			buildActionMask = 2147483647;
			files = (
				7E6FBA6525B485C800AC33FC /* Preview Assets.xcassets in Resources */,
				7E3336CD25BD7AC700532589 /* Localizable.strings in Resources */,
				7E6FBA6225B485C800AC33FC /* Assets.xcassets in Resources */,
			);
			runOnlyForDeploymentPostprocessing = 0;
		};
/* End PBXResourcesBuildPhase section */

/* Begin PBXSourcesBuildPhase section */
		7E6FBA5625B485C400AC33FC /* Sources */ = {
			isa = PBXSourcesBuildPhase;
			buildActionMask = 2147483647;
			files = (
				7E6FBA8D25B48D0600AC33FC /* CustomerView.swift in Sources */,
				7EEEC5C825B722DF0065D7FE /* CustomerRow.swift in Sources */,
				7E6FBA6025B485C400AC33FC /* MainView.swift in Sources */,
				7E6FBA8A25B48CF500AC33FC /* HomeView.swift in Sources */,
				7E6FBA5E25B485C400AC33FC /* KyakupiApp.swift in Sources */,
				7E6FBA7225B4891500AC33FC /* ClubTabView.swift in Sources */,
			);
			runOnlyForDeploymentPostprocessing = 0;
		};
/* End PBXSourcesBuildPhase section */

/* Begin PBXVariantGroup section */
		7E3336CF25BD7AC700532589 /* Localizable.strings */ = {
			isa = PBXVariantGroup;
			children = (
				7E3336CE25BD7AC700532589 /* en */,
				7E3336D725BD7EF100532589 /* ja */,
			);
			name = Localizable.strings;
			sourceTree = "<group>";
		};
/* End PBXVariantGroup section */

/* Begin XCBuildConfiguration section */
		7E6FBA6725B485C800AC33FC /* Debug */ = {
			isa = XCBuildConfiguration;
			buildSettings = {
				ALWAYS_SEARCH_USER_PATHS = NO;
				CLANG_ANALYZER_LOCALIZABILITY_NONLOCALIZED = YES;
				CLANG_ANALYZER_NONNULL = YES;
				CLANG_ANALYZER_NUMBER_OBJECT_CONVERSION = YES_AGGRESSIVE;
				CLANG_CXX_LANGUAGE_STANDARD = "gnu++14";
				CLANG_CXX_LIBRARY = "libc++";
				CLANG_ENABLE_MODULES = YES;
				CLANG_ENABLE_OBJC_ARC = YES;
				CLANG_ENABLE_OBJC_WEAK = YES;
				CLANG_WARN_BLOCK_CAPTURE_AUTORELEASING = YES;
				CLANG_WARN_BOOL_CONVERSION = YES;
				CLANG_WARN_COMMA = YES;
				CLANG_WARN_CONSTANT_CONVERSION = YES;
				CLANG_WARN_DEPRECATED_OBJC_IMPLEMENTATIONS = YES;
				CLANG_WARN_DIRECT_OBJC_ISA_USAGE = YES_ERROR;
				CLANG_WARN_DOCUMENTATION_COMMENTS = YES;
				CLANG_WARN_EMPTY_BODY = YES;
				CLANG_WARN_ENUM_CONVERSION = YES;
				CLANG_WARN_INFINITE_RECURSION = YES;
				CLANG_WARN_INT_CONVERSION = YES;
				CLANG_WARN_NON_LITERAL_NULL_CONVERSION = YES;
				CLANG_WARN_OBJC_IMPLICIT_RETAIN_SELF = YES;
				CLANG_WARN_OBJC_LITERAL_CONVERSION = YES;
				CLANG_WARN_OBJC_ROOT_CLASS = YES_ERROR;
				CLANG_WARN_QUOTED_INCLUDE_IN_FRAMEWORK_HEADER = YES;
				CLANG_WARN_RANGE_LOOP_ANALYSIS = YES;
				CLANG_WARN_STRICT_PROTOTYPES = YES;
				CLANG_WARN_SUSPICIOUS_MOVE = YES;
				CLANG_WARN_UNGUARDED_AVAILABILITY = YES_AGGRESSIVE;
				CLANG_WARN_UNREACHABLE_CODE = YES;
				CLANG_WARN__DUPLICATE_METHOD_MATCH = YES;
				COPY_PHASE_STRIP = NO;
				DEBUG_INFORMATION_FORMAT = dwarf;
				ENABLE_STRICT_OBJC_MSGSEND = YES;
				ENABLE_TESTABILITY = YES;
				GCC_C_LANGUAGE_STANDARD = gnu11;
				GCC_DYNAMIC_NO_PIC = NO;
				GCC_NO_COMMON_BLOCKS = YES;
				GCC_OPTIMIZATION_LEVEL = 0;
				GCC_PREPROCESSOR_DEFINITIONS = (
					"DEBUG=1",
					"$(inherited)",
				);
				GCC_WARN_64_TO_32_BIT_CONVERSION = YES;
				GCC_WARN_ABOUT_RETURN_TYPE = YES_ERROR;
				GCC_WARN_UNDECLARED_SELECTOR = YES;
				GCC_WARN_UNINITIALIZED_AUTOS = YES_AGGRESSIVE;
				GCC_WARN_UNUSED_FUNCTION = YES;
				GCC_WARN_UNUSED_VARIABLE = YES;
				IPHONEOS_DEPLOYMENT_TARGET = 14.3;
				MTL_ENABLE_DEBUG_INFO = INCLUDE_SOURCE;
				MTL_FAST_MATH = YES;
				ONLY_ACTIVE_ARCH = YES;
				SDKROOT = iphoneos;
				SWIFT_ACTIVE_COMPILATION_CONDITIONS = DEBUG;
				SWIFT_OPTIMIZATION_LEVEL = "-Onone";
			};
			name = Debug;
		};
		7E6FBA6825B485C800AC33FC /* Release */ = {
			isa = XCBuildConfiguration;
			buildSettings = {
				ALWAYS_SEARCH_USER_PATHS = NO;
				CLANG_ANALYZER_LOCALIZABILITY_NONLOCALIZED = YES;
				CLANG_ANALYZER_NONNULL = YES;
				CLANG_ANALYZER_NUMBER_OBJECT_CONVERSION = YES_AGGRESSIVE;
				CLANG_CXX_LANGUAGE_STANDARD = "gnu++14";
				CLANG_CXX_LIBRARY = "libc++";
				CLANG_ENABLE_MODULES = YES;
				CLANG_ENABLE_OBJC_ARC = YES;
				CLANG_ENABLE_OBJC_WEAK = YES;
				CLANG_WARN_BLOCK_CAPTURE_AUTORELEASING = YES;
				CLANG_WARN_BOOL_CONVERSION = YES;
				CLANG_WARN_COMMA = YES;
				CLANG_WARN_CONSTANT_CONVERSION = YES;
				CLANG_WARN_DEPRECATED_OBJC_IMPLEMENTATIONS = YES;
				CLANG_WARN_DIRECT_OBJC_ISA_USAGE = YES_ERROR;
				CLANG_WARN_DOCUMENTATION_COMMENTS = YES;
				CLANG_WARN_EMPTY_BODY = YES;
				CLANG_WARN_ENUM_CONVERSION = YES;
				CLANG_WARN_INFINITE_RECURSION = YES;
				CLANG_WARN_INT_CONVERSION = YES;
				CLANG_WARN_NON_LITERAL_NULL_CONVERSION = YES;
				CLANG_WARN_OBJC_IMPLICIT_RETAIN_SELF = YES;
				CLANG_WARN_OBJC_LITERAL_CONVERSION = YES;
				CLANG_WARN_OBJC_ROOT_CLASS = YES_ERROR;
				CLANG_WARN_QUOTED_INCLUDE_IN_FRAMEWORK_HEADER = YES;
				CLANG_WARN_RANGE_LOOP_ANALYSIS = YES;
				CLANG_WARN_STRICT_PROTOTYPES = YES;
				CLANG_WARN_SUSPICIOUS_MOVE = YES;
				CLANG_WARN_UNGUARDED_AVAILABILITY = YES_AGGRESSIVE;
				CLANG_WARN_UNREACHABLE_CODE = YES;
				CLANG_WARN__DUPLICATE_METHOD_MATCH = YES;
				COPY_PHASE_STRIP = NO;
				DEBUG_INFORMATION_FORMAT = "dwarf-with-dsym";
				ENABLE_NS_ASSERTIONS = NO;
				ENABLE_STRICT_OBJC_MSGSEND = YES;
				GCC_C_LANGUAGE_STANDARD = gnu11;
				GCC_NO_COMMON_BLOCKS = YES;
				GCC_WARN_64_TO_32_BIT_CONVERSION = YES;
				GCC_WARN_ABOUT_RETURN_TYPE = YES_ERROR;
				GCC_WARN_UNDECLARED_SELECTOR = YES;
				GCC_WARN_UNINITIALIZED_AUTOS = YES_AGGRESSIVE;
				GCC_WARN_UNUSED_FUNCTION = YES;
				GCC_WARN_UNUSED_VARIABLE = YES;
				IPHONEOS_DEPLOYMENT_TARGET = 14.3;
				MTL_ENABLE_DEBUG_INFO = NO;
				MTL_FAST_MATH = YES;
				SDKROOT = iphoneos;
				SWIFT_COMPILATION_MODE = wholemodule;
				SWIFT_OPTIMIZATION_LEVEL = "-O";
				VALIDATE_PRODUCT = YES;
			};
			name = Release;
		};
		7E6FBA6A25B485C800AC33FC /* Debug */ = {
			isa = XCBuildConfiguration;
			buildSettings = {
				ASSETCATALOG_COMPILER_APPICON_NAME = AppIcon;
				ASSETCATALOG_COMPILER_GLOBAL_ACCENT_COLOR_NAME = AccentColor;
				CODE_SIGN_STYLE = Automatic;
				DEVELOPMENT_ASSET_PATHS = "\"Kyakupi/Preview Content\"";
				ENABLE_PREVIEWS = YES;
				INFOPLIST_FILE = Kyakupi/Info.plist;
				IPHONEOS_DEPLOYMENT_TARGET = 14.0;
				LD_RUNPATH_SEARCH_PATHS = (
					"$(inherited)",
					"@executable_path/Frameworks",
				);
				PRODUCT_BUNDLE_IDENTIFIER = "com.gmail-chjojojokazu.Kyakupi";
				PRODUCT_NAME = "$(TARGET_NAME)";
				SWIFT_VERSION = 5.0;
				TARGETED_DEVICE_FAMILY = "1,2";
			};
			name = Debug;
		};
		7E6FBA6B25B485C800AC33FC /* Release */ = {
			isa = XCBuildConfiguration;
			buildSettings = {
				ASSETCATALOG_COMPILER_APPICON_NAME = AppIcon;
				ASSETCATALOG_COMPILER_GLOBAL_ACCENT_COLOR_NAME = AccentColor;
				CODE_SIGN_STYLE = Automatic;
				DEVELOPMENT_ASSET_PATHS = "\"Kyakupi/Preview Content\"";
				ENABLE_PREVIEWS = YES;
				INFOPLIST_FILE = Kyakupi/Info.plist;
				IPHONEOS_DEPLOYMENT_TARGET = 14.0;
				LD_RUNPATH_SEARCH_PATHS = (
					"$(inherited)",
					"@executable_path/Frameworks",
				);
				PRODUCT_BUNDLE_IDENTIFIER = "com.gmail-chjojojokazu.Kyakupi";
				PRODUCT_NAME = "$(TARGET_NAME)";
				SWIFT_VERSION = 5.0;
				TARGETED_DEVICE_FAMILY = "1,2";
			};
			name = Release;
		};
/* End XCBuildConfiguration section */

/* Begin XCConfigurationList section */
		7E6FBA5525B485C400AC33FC /* Build configuration list for PBXProject "Kyakupi" */ = {
			isa = XCConfigurationList;
			buildConfigurations = (
				7E6FBA6725B485C800AC33FC /* Debug */,
				7E6FBA6825B485C800AC33FC /* Release */,
			);
			defaultConfigurationIsVisible = 0;
			defaultConfigurationName = Release;
		};
		7E6FBA6925B485C800AC33FC /* Build configuration list for PBXNativeTarget "Kyakupi" */ = {
			isa = XCConfigurationList;
			buildConfigurations = (
				7E6FBA6A25B485C800AC33FC /* Debug */,
				7E6FBA6B25B485C800AC33FC /* Release */,
			);
			defaultConfigurationIsVisible = 0;
			defaultConfigurationName = Release;
		};
/* End XCConfigurationList section */
	};
	rootObject = 7E6FBA5225B485C400AC33FC /* Project object */;
}
